// !$*UTF8*$!
{
	archiveVersion = 1;
	classes = {
	};
	objectVersion = 50;
	objects = {

/* Begin PBXBuildFile section */
		496ADB372464890D006D0105 /* RatingControl.swift in Sources */ = {isa = PBXBuildFile; fileRef = 496ADB362464890D006D0105 /* RatingControl.swift */; };
		49BB79262461CCCB00802182 /* RCViewController.swift in Sources */ = {isa = PBXBuildFile; fileRef = 49BB79252461CCCB00802182 /* RCViewController.swift */; };
		D9B0C7CF2464241200925C91 /* PerteneciasViewController.swift in Sources */ = {isa = PBXBuildFile; fileRef = D9B0C7CE2464241200925C91 /* PerteneciasViewController.swift */; };
		D9B0C7D724643E2B00925C91 /* ArtViewController.swift in Sources */ = {isa = PBXBuildFile; fileRef = D9B0C7D624643E2B00925C91 /* ArtViewController.swift */; };
		D9B78541245820DD000DB5AF /* AppDelegate.swift in Sources */ = {isa = PBXBuildFile; fileRef = D9B78540245820DD000DB5AF /* AppDelegate.swift */; };
		D9B78543245820DD000DB5AF /* HomeViewController.swift in Sources */ = {isa = PBXBuildFile; fileRef = D9B78542245820DD000DB5AF /* HomeViewController.swift */; };
		D9B78546245820DD000DB5AF /* Main.storyboard in Resources */ = {isa = PBXBuildFile; fileRef = D9B78544245820DD000DB5AF /* Main.storyboard */; };
		D9B78549245820DD000DB5AF /* Tradeterms.xcdatamodeld in Sources */ = {isa = PBXBuildFile; fileRef = D9B78547245820DD000DB5AF /* Tradeterms.xcdatamodeld */; };
		D9B7854B245820DE000DB5AF /* Assets.xcassets in Resources */ = {isa = PBXBuildFile; fileRef = D9B7854A245820DE000DB5AF /* Assets.xcassets */; };
		D9B7854E245820DE000DB5AF /* LaunchScreen.storyboard in Resources */ = {isa = PBXBuildFile; fileRef = D9B7854C245820DE000DB5AF /* LaunchScreen.storyboard */; };
		D9B78559245820DE000DB5AF /* TradetermsTests.swift in Sources */ = {isa = PBXBuildFile; fileRef = D9B78558245820DE000DB5AF /* TradetermsTests.swift */; };
		D9FC19C72458881300A3E9B2 /* ISViewController.swift in Sources */ = {isa = PBXBuildFile; fileRef = D9FC19C62458881300A3E9B2 /* ISViewController.swift */; };
		D9FC19C92458903E00A3E9B2 /* RViewController.swift in Sources */ = {isa = PBXBuildFile; fileRef = D9FC19C82458903E00A3E9B2 /* RViewController.swift */; };
/* End PBXBuildFile section */

/* Begin PBXContainerItemProxy section */
		D9B78555245820DE000DB5AF /* PBXContainerItemProxy */ = {
			isa = PBXContainerItemProxy;
			containerPortal = D9B78535245820DD000DB5AF /* Project object */;
			proxyType = 1;
			remoteGlobalIDString = D9B7853C245820DD000DB5AF;
			remoteInfo = Tradeterms;
		};
/* End PBXContainerItemProxy section */

/* Begin PBXFileReference section */
		496ADB362464890D006D0105 /* RatingControl.swift */ = {isa = PBXFileReference; lastKnownFileType = sourcecode.swift; path = RatingControl.swift; sourceTree = "<group>"; };
		49BB79252461CCCB00802182 /* RCViewController.swift */ = {isa = PBXFileReference; lastKnownFileType = sourcecode.swift; path = RCViewController.swift; sourceTree = "<group>"; };
		D9B0C7CE2464241200925C91 /* PerteneciasViewController.swift */ = {isa = PBXFileReference; lastKnownFileType = sourcecode.swift; path = PerteneciasViewController.swift; sourceTree = "<group>"; };
		D9B0C7D624643E2B00925C91 /* ArtViewController.swift */ = {isa = PBXFileReference; lastKnownFileType = sourcecode.swift; path = ArtViewController.swift; sourceTree = "<group>"; };
		D9B7853D245820DD000DB5AF /* Tradeterms.app */ = {isa = PBXFileReference; explicitFileType = wrapper.application; includeInIndex = 0; path = Tradeterms.app; sourceTree = BUILT_PRODUCTS_DIR; };
		D9B78540245820DD000DB5AF /* AppDelegate.swift */ = {isa = PBXFileReference; lastKnownFileType = sourcecode.swift; path = AppDelegate.swift; sourceTree = "<group>"; };
		D9B78542245820DD000DB5AF /* HomeViewController.swift */ = {isa = PBXFileReference; lastKnownFileType = sourcecode.swift; path = HomeViewController.swift; sourceTree = "<group>"; };
		D9B78545245820DD000DB5AF /* Base */ = {isa = PBXFileReference; lastKnownFileType = file.storyboard; name = Base; path = Base.lproj/Main.storyboard; sourceTree = "<group>"; };
		D9B78548245820DD000DB5AF /* Tradeterms.xcdatamodel */ = {isa = PBXFileReference; lastKnownFileType = wrapper.xcdatamodel; path = Tradeterms.xcdatamodel; sourceTree = "<group>"; };
		D9B7854A245820DE000DB5AF /* Assets.xcassets */ = {isa = PBXFileReference; lastKnownFileType = folder.assetcatalog; path = Assets.xcassets; sourceTree = "<group>"; };
		D9B7854D245820DE000DB5AF /* Base */ = {isa = PBXFileReference; lastKnownFileType = file.storyboard; name = Base; path = Base.lproj/LaunchScreen.storyboard; sourceTree = "<group>"; };
		D9B7854F245820DE000DB5AF /* Info.plist */ = {isa = PBXFileReference; lastKnownFileType = text.plist.xml; path = Info.plist; sourceTree = "<group>"; };
		D9B78554245820DE000DB5AF /* TradetermsTests.xctest */ = {isa = PBXFileReference; explicitFileType = wrapper.cfbundle; includeInIndex = 0; path = TradetermsTests.xctest; sourceTree = BUILT_PRODUCTS_DIR; };
		D9B78558245820DE000DB5AF /* TradetermsTests.swift */ = {isa = PBXFileReference; lastKnownFileType = sourcecode.swift; path = TradetermsTests.swift; sourceTree = "<group>"; };
		D9B7855A245820DE000DB5AF /* Info.plist */ = {isa = PBXFileReference; lastKnownFileType = text.plist.xml; path = Info.plist; sourceTree = "<group>"; };
		D9FC19C62458881300A3E9B2 /* ISViewController.swift */ = {isa = PBXFileReference; lastKnownFileType = sourcecode.swift; path = ISViewController.swift; sourceTree = "<group>"; };
		D9FC19C82458903E00A3E9B2 /* RViewController.swift */ = {isa = PBXFileReference; lastKnownFileType = sourcecode.swift; path = RViewController.swift; sourceTree = "<group>"; };
/* End PBXFileReference section */

/* Begin PBXFrameworksBuildPhase section */
		D9B7853A245820DD000DB5AF /* Frameworks */ = {
			isa = PBXFrameworksBuildPhase;
			buildActionMask = 2147483647;
			files = (
			);
			runOnlyForDeploymentPostprocessing = 0;
		};
		D9B78551245820DE000DB5AF /* Frameworks */ = {
			isa = PBXFrameworksBuildPhase;
			buildActionMask = 2147483647;
			files = (
			);
			runOnlyForDeploymentPostprocessing = 0;
		};
/* End PBXFrameworksBuildPhase section */

/* Begin PBXGroup section */
		D9B78534245820DD000DB5AF = {
			isa = PBXGroup;
			children = (
				D9B7853F245820DD000DB5AF /* Tradeterms */,
				D9B78557245820DE000DB5AF /* TradetermsTests */,
				D9B7853E245820DD000DB5AF /* Products */,
			);
			sourceTree = "<group>";
		};
		D9B7853E245820DD000DB5AF /* Products */ = {
			isa = PBXGroup;
			children = (
				D9B7853D245820DD000DB5AF /* Tradeterms.app */,
				D9B78554245820DE000DB5AF /* TradetermsTests.xctest */,
			);
			name = Products;
			sourceTree = "<group>";
		};
		D9B7853F245820DD000DB5AF /* Tradeterms */ = {
			isa = PBXGroup;
			children = (
				D9B78540245820DD000DB5AF /* AppDelegate.swift */,
				D9B78542245820DD000DB5AF /* HomeViewController.swift */,
				D9FC19C82458903E00A3E9B2 /* RViewController.swift */,
				D9FC19C62458881300A3E9B2 /* ISViewController.swift */,
				49BB79252461CCCB00802182 /* RCViewController.swift */,
				D9B0C7CE2464241200925C91 /* PerteneciasViewController.swift */,
				D9B0C7D624643E2B00925C91 /* ArtViewController.swift */,
				496ADB362464890D006D0105 /* RatingControl.swift */,
				D9B78544245820DD000DB5AF /* Main.storyboard */,
				D9B7854A245820DE000DB5AF /* Assets.xcassets */,
				D9B7854C245820DE000DB5AF /* LaunchScreen.storyboard */,
				D9B7854F245820DE000DB5AF /* Info.plist */,
				D9B78547245820DD000DB5AF /* Tradeterms.xcdatamodeld */,
			);
			path = Tradeterms;
			sourceTree = "<group>";
		};
		D9B78557245820DE000DB5AF /* TradetermsTests */ = {
			isa = PBXGroup;
			children = (
				D9B78558245820DE000DB5AF /* TradetermsTests.swift */,
				D9B7855A245820DE000DB5AF /* Info.plist */,
			);
			path = TradetermsTests;
			sourceTree = "<group>";
		};
/* End PBXGroup section */

/* Begin PBXNativeTarget section */
		D9B7853C245820DD000DB5AF /* Tradeterms */ = {
			isa = PBXNativeTarget;
			buildConfigurationList = D9B7855D245820DE000DB5AF /* Build configuration list for PBXNativeTarget "Tradeterms" */;
			buildPhases = (
				D9B78539245820DD000DB5AF /* Sources */,
				D9B7853A245820DD000DB5AF /* Frameworks */,
				D9B7853B245820DD000DB5AF /* Resources */,
			);
			buildRules = (
			);
			dependencies = (
			);
			name = Tradeterms;
			productName = Tradeterms;
			productReference = D9B7853D245820DD000DB5AF /* Tradeterms.app */;
			productType = "com.apple.product-type.application";
		};
		D9B78553245820DE000DB5AF /* TradetermsTests */ = {
			isa = PBXNativeTarget;
			buildConfigurationList = D9B78560245820DE000DB5AF /* Build configuration list for PBXNativeTarget "TradetermsTests" */;
			buildPhases = (
				D9B78550245820DE000DB5AF /* Sources */,
				D9B78551245820DE000DB5AF /* Frameworks */,
				D9B78552245820DE000DB5AF /* Resources */,
			);
			buildRules = (
			);
			dependencies = (
				D9B78556245820DE000DB5AF /* PBXTargetDependency */,
			);
			name = TradetermsTests;
			productName = TradetermsTests;
			productReference = D9B78554245820DE000DB5AF /* TradetermsTests.xctest */;
			productType = "com.apple.product-type.bundle.unit-test";
		};
/* End PBXNativeTarget section */

/* Begin PBXProject section */
		D9B78535245820DD000DB5AF /* Project object */ = {
			isa = PBXProject;
			attributes = {
				LastSwiftUpdateCheck = 1000;
				LastUpgradeCheck = 1000;
				ORGANIZATIONNAME = JoseManuelYPablo;
				TargetAttributes = {
					D9B7853C245820DD000DB5AF = {
						CreatedOnToolsVersion = 10.0;
					};
					D9B78553245820DE000DB5AF = {
						CreatedOnToolsVersion = 10.0;
						TestTargetID = D9B7853C245820DD000DB5AF;
					};
				};
			};
			buildConfigurationList = D9B78538245820DD000DB5AF /* Build configuration list for PBXProject "Tradeterms" */;
			compatibilityVersion = "Xcode 9.3";
			developmentRegion = en;
			hasScannedForEncodings = 0;
			knownRegions = (
				en,
				Base,
			);
			mainGroup = D9B78534245820DD000DB5AF;
			productRefGroup = D9B7853E245820DD000DB5AF /* Products */;
			projectDirPath = "";
			projectRoot = "";
			targets = (
				D9B7853C245820DD000DB5AF /* Tradeterms */,
				D9B78553245820DE000DB5AF /* TradetermsTests */,
			);
		};
/* End PBXProject section */

/* Begin PBXResourcesBuildPhase section */
		D9B7853B245820DD000DB5AF /* Resources */ = {
			isa = PBXResourcesBuildPhase;
			buildActionMask = 2147483647;
			files = (
				D9B7854E245820DE000DB5AF /* LaunchScreen.storyboard in Resources */,
				D9B7854B245820DE000DB5AF /* Assets.xcassets in Resources */,
				D9B78546245820DD000DB5AF /* Main.storyboard in Resources */,
			);
			runOnlyForDeploymentPostprocessing = 0;
		};
		D9B78552245820DE000DB5AF /* Resources */ = {
			isa = PBXResourcesBuildPhase;
			buildActionMask = 2147483647;
			files = (
			);
			runOnlyForDeploymentPostprocessing = 0;
		};
/* End PBXResourcesBuildPhase section */

/* Begin PBXSourcesBuildPhase section */
		D9B78539245820DD000DB5AF /* Sources */ = {
			isa = PBXSourcesBuildPhase;
			buildActionMask = 2147483647;
			files = (
				D9B0C7D724643E2B00925C91 /* ArtViewController.swift in Sources */,
				D9FC19C72458881300A3E9B2 /* ISViewController.swift in Sources */,
				D9B78543245820DD000DB5AF /* HomeViewController.swift in Sources */,
				D9FC19C92458903E00A3E9B2 /* RViewController.swift in Sources */,
				496ADB372464890D006D0105 /* RatingControl.swift in Sources */,
				49BB79262461CCCB00802182 /* RCViewController.swift in Sources */,
				D9B0C7CF2464241200925C91 /* PerteneciasViewController.swift in Sources */,
				D9B78541245820DD000DB5AF /* AppDelegate.swift in Sources */,
				D9B78549245820DD000DB5AF /* Tradeterms.xcdatamodeld in Sources */,
			);
			runOnlyForDeploymentPostprocessing = 0;
		};
		D9B78550245820DE000DB5AF /* Sources */ = {
			isa = PBXSourcesBuildPhase;
			buildActionMask = 2147483647;
			files = (
				D9B78559245820DE000DB5AF /* TradetermsTests.swift in Sources */,
			);
			runOnlyForDeploymentPostprocessing = 0;
		};
/* End PBXSourcesBuildPhase section */

/* Begin PBXTargetDependency section */
		D9B78556245820DE000DB5AF /* PBXTargetDependency */ = {
			isa = PBXTargetDependency;
			target = D9B7853C245820DD000DB5AF /* Tradeterms */;
			targetProxy = D9B78555245820DE000DB5AF /* PBXContainerItemProxy */;
		};
/* End PBXTargetDependency section */

/* Begin PBXVariantGroup section */
		D9B78544245820DD000DB5AF /* Main.storyboard */ = {
			isa = PBXVariantGroup;
			children = (
				D9B78545245820DD000DB5AF /* Base */,
			);
			name = Main.storyboard;
			sourceTree = "<group>";
		};
		D9B7854C245820DE000DB5AF /* LaunchScreen.storyboard */ = {
			isa = PBXVariantGroup;
			children = (
				D9B7854D245820DE000DB5AF /* Base */,
			);
			name = LaunchScreen.storyboard;
			sourceTree = "<group>";
		};
/* End PBXVariantGroup section */

/* Begin XCBuildConfiguration section */
		D9B7855B245820DE000DB5AF /* Debug */ = {
			isa = XCBuildConfiguration;
			buildSettings = {
				ALWAYS_SEARCH_USER_PATHS = NO;
				CLANG_ANALYZER_NONNULL = YES;
				CLANG_ANALYZER_NUMBER_OBJECT_CONVERSION = YES_AGGRESSIVE;
				CLANG_CXX_LANGUAGE_STANDARD = "gnu++14";
				CLANG_CXX_LIBRARY = "libc++";
				CLANG_ENABLE_MODULES = YES;
				CLANG_ENABLE_OBJC_ARC = YES;
				CLANG_ENABLE_OBJC_WEAK = YES;
				CLANG_WARN_BLOCK_CAPTURE_AUTORELEASING = YES;
				CLANG_WARN_BOOL_CONVERSION = YES;
				CLANG_WARN_COMMA = YES;
				CLANG_WARN_CONSTANT_CONVERSION = YES;
				CLANG_WARN_DEPRECATED_OBJC_IMPLEMENTATIONS = YES;
				CLANG_WARN_DIRECT_OBJC_ISA_USAGE = YES_ERROR;
				CLANG_WARN_DOCUMENTATION_COMMENTS = YES;
				CLANG_WARN_EMPTY_BODY = YES;
				CLANG_WARN_ENUM_CONVERSION = YES;
				CLANG_WARN_INFINITE_RECURSION = YES;
				CLANG_WARN_INT_CONVERSION = YES;
				CLANG_WARN_NON_LITERAL_NULL_CONVERSION = YES;
				CLANG_WARN_OBJC_IMPLICIT_RETAIN_SELF = YES;
				CLANG_WARN_OBJC_LITERAL_CONVERSION = YES;
				CLANG_WARN_OBJC_ROOT_CLASS = YES_ERROR;
				CLANG_WARN_RANGE_LOOP_ANALYSIS = YES;
				CLANG_WARN_STRICT_PROTOTYPES = YES;
				CLANG_WARN_SUSPICIOUS_MOVE = YES;
				CLANG_WARN_UNGUARDED_AVAILABILITY = YES_AGGRESSIVE;
				CLANG_WARN_UNREACHABLE_CODE = YES;
				CLANG_WARN__DUPLICATE_METHOD_MATCH = YES;
				CODE_SIGN_IDENTITY = "iPhone Developer";
				COPY_PHASE_STRIP = NO;
				DEBUG_INFORMATION_FORMAT = dwarf;
				ENABLE_STRICT_OBJC_MSGSEND = YES;
				ENABLE_TESTABILITY = YES;
				GCC_C_LANGUAGE_STANDARD = gnu11;
				GCC_DYNAMIC_NO_PIC = NO;
				GCC_NO_COMMON_BLOCKS = YES;
				GCC_OPTIMIZATION_LEVEL = 0;
				GCC_PREPROCESSOR_DEFINITIONS = (
					"DEBUG=1",
					"$(inherited)",
				);
				GCC_WARN_64_TO_32_BIT_CONVERSION = YES;
				GCC_WARN_ABOUT_RETURN_TYPE = YES_ERROR;
				GCC_WARN_UNDECLARED_SELECTOR = YES;
				GCC_WARN_UNINITIALIZED_AUTOS = YES_AGGRESSIVE;
				GCC_WARN_UNUSED_FUNCTION = YES;
				GCC_WARN_UNUSED_VARIABLE = YES;
				IPHONEOS_DEPLOYMENT_TARGET = 12.0;
				MTL_ENABLE_DEBUG_INFO = INCLUDE_SOURCE;
				MTL_FAST_MATH = YES;
				ONLY_ACTIVE_ARCH = YES;
				SDKROOT = iphoneos;
				SWIFT_ACTIVE_COMPILATION_CONDITIONS = DEBUG;
				SWIFT_OPTIMIZATION_LEVEL = "-Onone";
			};
			name = Debug;
		};
		D9B7855C245820DE000DB5AF /* Release */ = {
			isa = XCBuildConfiguration;
			buildSettings = {
				ALWAYS_SEARCH_USER_PATHS = NO;
				CLANG_ANALYZER_NONNULL = YES;
				CLANG_ANALYZER_NUMBER_OBJECT_CONVERSION = YES_AGGRESSIVE;
				CLANG_CXX_LANGUAGE_STANDARD = "gnu++14";
				CLANG_CXX_LIBRARY = "libc++";
				CLANG_ENABLE_MODULES = YES;
				CLANG_ENABLE_OBJC_ARC = YES;
				CLANG_ENABLE_OBJC_WEAK = YES;
				CLANG_WARN_BLOCK_CAPTURE_AUTORELEASING = YES;
				CLANG_WARN_BOOL_CONVERSION = YES;
				CLANG_WARN_COMMA = YES;
				CLANG_WARN_CONSTANT_CONVERSION = YES;
				CLANG_WARN_DEPRECATED_OBJC_IMPLEMENTATIONS = YES;
				CLANG_WARN_DIRECT_OBJC_ISA_USAGE = YES_ERROR;
				CLANG_WARN_DOCUMENTATION_COMMENTS = YES;
				CLANG_WARN_EMPTY_BODY = YES;
				CLANG_WARN_ENUM_CONVERSION = YES;
				CLANG_WARN_INFINITE_RECURSION = YES;
				CLANG_WARN_INT_CONVERSION = YES;
				CLANG_WARN_NON_LITERAL_NULL_CONVERSION = YES;
				CLANG_WARN_OBJC_IMPLICIT_RETAIN_SELF = YES;
				CLANG_WARN_OBJC_LITERAL_CONVERSION = YES;
				CLANG_WARN_OBJC_ROOT_CLASS = YES_ERROR;
				CLANG_WARN_RANGE_LOOP_ANALYSIS = YES;
				CLANG_WARN_STRICT_PROTOTYPES = YES;
				CLANG_WARN_SUSPICIOUS_MOVE = YES;
				CLANG_WARN_UNGUARDED_AVAILABILITY = YES_AGGRESSIVE;
				CLANG_WARN_UNREACHABLE_CODE = YES;
				CLANG_WARN__DUPLICATE_METHOD_MATCH = YES;
				CODE_SIGN_IDENTITY = "iPhone Developer";
				COPY_PHASE_STRIP = NO;
				DEBUG_INFORMATION_FORMAT = "dwarf-with-dsym";
				ENABLE_NS_ASSERTIONS = NO;
				ENABLE_STRICT_OBJC_MSGSEND = YES;
				GCC_C_LANGUAGE_STANDARD = gnu11;
				GCC_NO_COMMON_BLOCKS = YES;
				GCC_WARN_64_TO_32_BIT_CONVERSION = YES;
				GCC_WARN_ABOUT_RETURN_TYPE = YES_ERROR;
				GCC_WARN_UNDECLARED_SELECTOR = YES;
				GCC_WARN_UNINITIALIZED_AUTOS = YES_AGGRESSIVE;
				GCC_WARN_UNUSED_FUNCTION = YES;
				GCC_WARN_UNUSED_VARIABLE = YES;
				IPHONEOS_DEPLOYMENT_TARGET = 12.0;
				MTL_ENABLE_DEBUG_INFO = NO;
				MTL_FAST_MATH = YES;
				SDKROOT = iphoneos;
				SWIFT_COMPILATION_MODE = wholemodule;
				SWIFT_OPTIMIZATION_LEVEL = "-O";
				VALIDATE_PRODUCT = YES;
			};
			name = Release;
		};
		D9B7855E245820DE000DB5AF /* Debug */ = {
			isa = XCBuildConfiguration;
			buildSettings = {
				ASSETCATALOG_COMPILER_APPICON_NAME = AppIcon;
				CODE_SIGN_STYLE = Automatic;
				INFOPLIST_FILE = Tradeterms/Info.plist;
				IPHONEOS_DEPLOYMENT_TARGET = 10.0;
				LD_RUNPATH_SEARCH_PATHS = (
					"$(inherited)",
					"@executable_path/Frameworks",
				);
				PRODUCT_BUNDLE_IDENTIFIER = es.ujaen.Tradeterms;
				PRODUCT_NAME = "$(TARGET_NAME)";
				SWIFT_VERSION = 4.2;
				TARGETED_DEVICE_FAMILY = "1,2";
			};
			name = Debug;
		};
		D9B7855F245820DE000DB5AF /* Release */ = {
			isa = XCBuildConfiguration;
			buildSettings = {
				ASSETCATALOG_COMPILER_APPICON_NAME = AppIcon;
				CODE_SIGN_STYLE = Automatic;
				INFOPLIST_FILE = Tradeterms/Info.plist;
				IPHONEOS_DEPLOYMENT_TARGET = 10.0;
				LD_RUNPATH_SEARCH_PATHS = (
					"$(inherited)",
					"@executable_path/Frameworks",
				);
				PRODUCT_BUNDLE_IDENTIFIER = es.ujaen.Tradeterms;
				PRODUCT_NAME = "$(TARGET_NAME)";
				SWIFT_VERSION = 4.2;
				TARGETED_DEVICE_FAMILY = "1,2";
			};
			name = Release;
		};
		D9B78561245820DE000DB5AF /* Debug */ = {
			isa = XCBuildConfiguration;
			buildSettings = {
				ALWAYS_EMBED_SWIFT_STANDARD_LIBRARIES = YES;
				BUNDLE_LOADER = "$(TEST_HOST)";
				CODE_SIGN_STYLE = Automatic;
				INFOPLIST_FILE = TradetermsTests/Info.plist;
				LD_RUNPATH_SEARCH_PATHS = (
					"$(inherited)",
					"@executable_path/Frameworks",
					"@loader_path/Frameworks",
				);
				PRODUCT_BUNDLE_IDENTIFIER = es.ujaen.TradetermsTests;
				PRODUCT_NAME = "$(TARGET_NAME)";
				SWIFT_VERSION = 4.2;
				TARGETED_DEVICE_FAMILY = "1,2";
				TEST_HOST = "$(BUILT_PRODUCTS_DIR)/Tradeterms.app/Tradeterms";
			};
			name = Debug;
		};
		D9B78562245820DE000DB5AF /* Release */ = {
			isa = XCBuildConfiguration;
			buildSettings = {
				ALWAYS_EMBED_SWIFT_STANDARD_LIBRARIES = YES;
				BUNDLE_LOADER = "$(TEST_HOST)";
				CODE_SIGN_STYLE = Automatic;
				INFOPLIST_FILE = TradetermsTests/Info.plist;
				LD_RUNPATH_SEARCH_PATHS = (
					"$(inherited)",
					"@executable_path/Frameworks",
					"@loader_path/Frameworks",
				);
				PRODUCT_BUNDLE_IDENTIFIER = es.ujaen.TradetermsTests;
				PRODUCT_NAME = "$(TARGET_NAME)";
				SWIFT_VERSION = 4.2;
				TARGETED_DEVICE_FAMILY = "1,2";
				TEST_HOST = "$(BUILT_PRODUCTS_DIR)/Tradeterms.app/Tradeterms";
			};
			name = Release;
		};
/* End XCBuildConfiguration section */

/* Begin XCConfigurationList section */
		D9B78538245820DD000DB5AF /* Build configuration list for PBXProject "Tradeterms" */ = {
			isa = XCConfigurationList;
			buildConfigurations = (
				D9B7855B245820DE000DB5AF /* Debug */,
				D9B7855C245820DE000DB5AF /* Release */,
			);
			defaultConfigurationIsVisible = 0;
			defaultConfigurationName = Release;
		};
		D9B7855D245820DE000DB5AF /* Build configuration list for PBXNativeTarget "Tradeterms" */ = {
			isa = XCConfigurationList;
			buildConfigurations = (
				D9B7855E245820DE000DB5AF /* Debug */,
				D9B7855F245820DE000DB5AF /* Release */,
			);
			defaultConfigurationIsVisible = 0;
			defaultConfigurationName = Release;
		};
		D9B78560245820DE000DB5AF /* Build configuration list for PBXNativeTarget "TradetermsTests" */ = {
			isa = XCConfigurationList;
			buildConfigurations = (
				D9B78561245820DE000DB5AF /* Debug */,
				D9B78562245820DE000DB5AF /* Release */,
			);
			defaultConfigurationIsVisible = 0;
			defaultConfigurationName = Release;
		};
/* End XCConfigurationList section */

/* Begin XCVersionGroup section */
		D9B78547245820DD000DB5AF /* Tradeterms.xcdatamodeld */ = {
			isa = XCVersionGroup;
			children = (
				D9B78548245820DD000DB5AF /* Tradeterms.xcdatamodel */,
			);
			currentVersion = D9B78548245820DD000DB5AF /* Tradeterms.xcdatamodel */;
			path = Tradeterms.xcdatamodeld;
			sourceTree = "<group>";
			versionGroupType = wrapper.xcdatamodel;
		};
/* End XCVersionGroup section */
	};
	rootObject = D9B78535245820DD000DB5AF /* Project object */;
}
